
Microsoft Visual Studio Solution File, Format Version 12.00
# Visual Studio Version 17
VisualStudioVersion = 17.9.34622.214
MinimumVisualStudioVersion = 10.0.40219.1
Project("{9A19103F-16F7-4668-BE54-9A1E7A4F7556}") = "UcenjeCS", "UcenjeCS\UcenjeCS.csproj", "{9A88A5E2-34DB-4AF4-90E2-6A3AD1B09702}"
EndProject
Project("{9A19103F-16F7-4668-BE54-9A1E7A4F7556}") = "WebAPI", "WebAPI\WebAPI.csproj", "{081422D6-01CC-48D8-9D88-D6D22C9844FB}"
EndProject
Project("{FAE04EC0-301F-11D3-BF4B-00C04F79EFBC}") = "EdunovaAPP", "EdunovaAPP\EdunovaAPP.csproj", "{FE216F26-A088-487D-8B84-973379BBC77B}"
EndProject
Global
	GlobalSection(SolutionConfigurationPlatforms) = preSolution
		Debug|Any CPU = Debug|Any CPU
		Release|Any CPU = Release|Any CPU
	EndGlobalSection
	GlobalSection(ProjectConfigurationPlatforms) = postSolution
		{9A88A5E2-34DB-4AF4-90E2-6A3AD1B09702}.Debug|Any CPU.ActiveCfg = Debug|Any CPU
		{9A88A5E2-34DB-4AF4-90E2-6A3AD1B09702}.Debug|Any CPU.Build.0 = Debug|Any CPU
		{9A88A5E2-34DB-4AF4-90E2-6A3AD1B09702}.Release|Any CPU.ActiveCfg = Release|Any CPU
		{9A88A5E2-34DB-4AF4-90E2-6A3AD1B09702}.Release|Any CPU.Build.0 = Release|Any CPU
		{081422D6-01CC-48D8-9D88-D6D22C9844FB}.Debug|Any CPU.ActiveCfg = Debug|Any CPU
		{081422D6-01CC-48D8-9D88-D6D22C9844FB}.Debug|Any CPU.Build.0 = Debug|Any CPU
		{081422D6-01CC-48D8-9D88-D6D22C9844FB}.Release|Any CPU.ActiveCfg = Release|Any CPU
		{081422D6-01CC-48D8-9D88-D6D22C9844FB}.Release|Any CPU.Build.0 = Release|Any CPU
		{FE216F26-A088-487D-8B84-973379BBC77B}.Debug|Any CPU.ActiveCfg = Debug|Any CPU
		{FE216F26-A088-487D-8B84-973379BBC77B}.Debug|Any CPU.Build.0 = Debug|Any CPU
		{FE216F26-A088-487D-8B84-973379BBC77B}.Release|Any CPU.ActiveCfg = Release|Any CPU
		{FE216F26-A088-487D-8B84-973379BBC77B}.Release|Any CPU.Build.0 = Release|Any CPU
	EndGlobalSection
	GlobalSection(SolutionProperties) = preSolution
		HideSolutionNode = FALSE
	EndGlobalSection
	GlobalSection(ExtensibilityGlobals) = postSolution
		SolutionGuid = {E6E15694-AADA-4D45-B5B3-DB18A61D5D8C}
	EndGlobalSection
EndGlobal
